
Microsoft Visual Studio Solution File, Format Version 12.00
# Visual Studio Version 17
VisualStudioVersion = 17.11.35327.3
MinimumVisualStudioVersion = 10.0.40219.1
Project("{FAE04EC0-301F-11D3-BF4B-00C04F79EFBC}") = "NetCsharpMVC", "NetCsharpMVC\NetCsharpMVC.csproj", "{DBF26CFC-196C-4F5B-9653-75C0F8FE76E4}"
EndProject
Global
	GlobalSection(SolutionConfigurationPlatforms) = preSolution
		Debug|Any CPU = Debug|Any CPU
		Release|Any CPU = Release|Any CPU
	EndGlobalSection
	GlobalSection(ProjectConfigurationPlatforms) = postSolution
		{DBF26CFC-196C-4F5B-9653-75C0F8FE76E4}.Debug|Any CPU.ActiveCfg = Debug|Any CPU
		{DBF26CFC-196C-4F5B-9653-75C0F8FE76E4}.Debug|Any CPU.Build.0 = Debug|Any CPU
		{DBF26CFC-196C-4F5B-9653-75C0F8FE76E4}.Release|Any CPU.ActiveCfg = Release|Any CPU
		{DBF26CFC-196C-4F5B-9653-75C0F8FE76E4}.Release|Any CPU.Build.0 = Release|Any CPU
	EndGlobalSection
	GlobalSection(SolutionProperties) = preSolution
		HideSolutionNode = FALSE
	EndGlobalSection
	GlobalSection(ExtensibilityGlobals) = postSolution
		SolutionGuid = {4059CCF5-090F-4DB0-83F6-C2451DE2423F}
	EndGlobalSection
EndGlobal
